{
  "name": "tictactoe-ia",
  "lockfileVersion": 3,
  "requires": true,
  "packages": {
    "": {
      "dependencies": {
        "tensor-flow": "^0.0.1"
      }
    },
    "node_modules/tensor-flow": {
      "version": "0.0.1",
      "resolved": "https://registry.npmjs.org/tensor-flow/-/tensor-flow-0.0.1.tgz",
      "integrity": "sha512-O+4hpIkU2IoMHwPZHEBFfiNx+mib1jcemNWS8jTxzbnSm92OagFWJ1V9tjbI63yyf+BHo0uZGOvzMYpSO53OeA==",
      "license": "ISC"
    }
  }
}
